github.com/go-telegram/bot v1.2.2 h1:LwGbSzjcSi0w4Ke8JUpgbBhJwwYTl2ITmhubeM2WvN8=
github.com/go-telegram/bot v1.2.2/go.mod h1:i2TRs7fXWIeaceF3z7KzsMt/he0TwkVC680mvdTFYeM=
github.com/joho/godotenv v1.5.1 h1:7eLL/+HRGLY0ldzfGMeQkb7vMd0as4CfYvUVzLqw0N0=
github.com/joho/godotenv v1.5.1/go.mod h1:f4LDr5Voq0i2e/R5DDNOoa2zzDfwtkZa6DnEwAbqwq4=
github.com/sashabaranov/go-openai v1.23.0 h1:KYW97r5yc35PI2MxeLZ3OofecB/6H+yxvSNqiT9u8is=
github.com/sashabaranov/go-openai v1.23.0/go.mod h1:lj5b/K+zjTSFxVLijLSTDZuP7adOgerWeFyZLUhAKRg=
github.com/schollz/jsonstore v1.1.0 h1:WZBDjgezFS34CHI+myb4s8GGpir3UMpy7vWoCeO0n6E=
github.com/schollz/jsonstore v1.1.0/go.mod h1:15c6+9guw8vDRyozGjN3FoILt0wpruJk9Pi66vjaZfg=
